
Microsoft Visual Studio Solution File, Format Version 12.00
# Visual Studio Version 17
VisualStudioVersion = 17.10.35013.160
MinimumVisualStudioVersion = 10.0.40219.1
Project("{9A19103F-16F7-4668-BE54-9A1E7A4F7556}") = "QuantumSuperposition", "QuantumSuperposition\QuantumSuperposition.csproj", "{A167AA44-8F27-4C8F-96B3-A3DA15EB56AE}"
EndProject
Project("{9A19103F-16F7-4668-BE54-9A1E7A4F7556}") = "TestQSP", "TestQSP\TestQSP.csproj", "{A1FC3364-A002-4367-8B88-6122B9E23B8C}"
EndProject
Project("{9A19103F-16F7-4668-BE54-9A1E7A4F7556}") = "PositronicVariables", "PositronicVariables\PositronicVariables.csproj", "{B4AA4D25-9101-4D77-93DF-7F56C4884092}"
EndProject
Project("{9A19103F-16F7-4668-BE54-9A1E7A4F7556}") = "TestPV", "TestPV\TestPV.csproj", "{EB38EC29-2B3A-4807-9E71-AB0BACDE3A5E}"
EndProject
Project("{FAE04EC0-301F-11D3-BF4B-00C04F79EFBC}") = "PositronicTester", "PositronicTester\PositronicTester.csproj", "{43F2E1F1-D8D7-4022-BCB1-EB6C281E0B8C}"
EndProject
Project("{FAE04EC0-301F-11D3-BF4B-00C04F79EFBC}") = "QuantumSoupTester", "QuantumSoupTester\QuantumSoupTester.csproj", "{CEE14D4C-3F77-6DB9-8EBF-4C8DE1221B88}"
EndProject
Global
	GlobalSection(SolutionConfigurationPlatforms) = preSolution
		Debug|Any CPU = Debug|Any CPU
		Release|Any CPU = Release|Any CPU
	EndGlobalSection
	GlobalSection(ProjectConfigurationPlatforms) = postSolution
		{A167AA44-8F27-4C8F-96B3-A3DA15EB56AE}.Debug|Any CPU.ActiveCfg = Debug|Any CPU
		{A167AA44-8F27-4C8F-96B3-A3DA15EB56AE}.Debug|Any CPU.Build.0 = Debug|Any CPU
		{A167AA44-8F27-4C8F-96B3-A3DA15EB56AE}.Release|Any CPU.ActiveCfg = Release|Any CPU
		{A167AA44-8F27-4C8F-96B3-A3DA15EB56AE}.Release|Any CPU.Build.0 = Release|Any CPU
		{A1FC3364-A002-4367-8B88-6122B9E23B8C}.Debug|Any CPU.ActiveCfg = Debug|Any CPU
		{A1FC3364-A002-4367-8B88-6122B9E23B8C}.Debug|Any CPU.Build.0 = Debug|Any CPU
		{A1FC3364-A002-4367-8B88-6122B9E23B8C}.Release|Any CPU.ActiveCfg = Release|Any CPU
		{A1FC3364-A002-4367-8B88-6122B9E23B8C}.Release|Any CPU.Build.0 = Release|Any CPU
		{B4AA4D25-9101-4D77-93DF-7F56C4884092}.Debug|Any CPU.ActiveCfg = Debug|Any CPU
		{B4AA4D25-9101-4D77-93DF-7F56C4884092}.Debug|Any CPU.Build.0 = Debug|Any CPU
		{B4AA4D25-9101-4D77-93DF-7F56C4884092}.Release|Any CPU.ActiveCfg = Release|Any CPU
		{B4AA4D25-9101-4D77-93DF-7F56C4884092}.Release|Any CPU.Build.0 = Release|Any CPU
		{EB38EC29-2B3A-4807-9E71-AB0BACDE3A5E}.Debug|Any CPU.ActiveCfg = Debug|Any CPU
		{EB38EC29-2B3A-4807-9E71-AB0BACDE3A5E}.Debug|Any CPU.Build.0 = Debug|Any CPU
		{EB38EC29-2B3A-4807-9E71-AB0BACDE3A5E}.Release|Any CPU.ActiveCfg = Release|Any CPU
		{EB38EC29-2B3A-4807-9E71-AB0BACDE3A5E}.Release|Any CPU.Build.0 = Release|Any CPU
		{43F2E1F1-D8D7-4022-BCB1-EB6C281E0B8C}.Debug|Any CPU.ActiveCfg = Debug|Any CPU
		{43F2E1F1-D8D7-4022-BCB1-EB6C281E0B8C}.Debug|Any CPU.Build.0 = Debug|Any CPU
		{43F2E1F1-D8D7-4022-BCB1-EB6C281E0B8C}.Release|Any CPU.ActiveCfg = Release|Any CPU
		{43F2E1F1-D8D7-4022-BCB1-EB6C281E0B8C}.Release|Any CPU.Build.0 = Release|Any CPU
		{CEE14D4C-3F77-6DB9-8EBF-4C8DE1221B88}.Debug|Any CPU.ActiveCfg = Debug|Any CPU
		{CEE14D4C-3F77-6DB9-8EBF-4C8DE1221B88}.Debug|Any CPU.Build.0 = Debug|Any CPU
		{CEE14D4C-3F77-6DB9-8EBF-4C8DE1221B88}.Release|Any CPU.ActiveCfg = Release|Any CPU
		{CEE14D4C-3F77-6DB9-8EBF-4C8DE1221B88}.Release|Any CPU.Build.0 = Release|Any CPU
	EndGlobalSection
	GlobalSection(SolutionProperties) = preSolution
		HideSolutionNode = FALSE
	EndGlobalSection
	GlobalSection(ExtensibilityGlobals) = postSolution
		SolutionGuid = {3918EDA2-AB91-4017-AAEB-E64B55E8AB9C}
	EndGlobalSection
EndGlobal
